{
  "version": "v1",
  "packages": {
    "@gaman/static": {
      "signature": "556239e7f8ae95b4bce513b68854ce23",
      "file": true
    },
    "@gaman/core": {
      "signature": "6412c90a7d7999baec720b6b11eb6982",
      "file": true
    },
    "@gaman/common": {
      "signature": "c87a23b413ec43061af0f7ad11671221",
      "file": true
    },
    "@gaman/cli": {
      "signature": "7a4f728c68949ed7046462c7c3a33a5f",
      "file": true
    },
    "@gaman/react": {
      "signature": "5447a7b0b3251f5b51bfaecb0a9cb953",
      "file": true
    }
  }
}